
Microsoft Visual Studio Solution File, Format Version 12.00
# Visual Studio Version 16
VisualStudioVersion = 16.0.31321.278
MinimumVisualStudioVersion = 10.0.40219.1
Project("{FAE04EC0-301F-11D3-BF4B-00C04F79EFBC}") = "WebsiteFAP", "WebsiteFAP\WebsiteFAP.csproj", "{3A7FCFE2-056A-4C67-B40B-46E08E91E744}"
EndProject
Global
	GlobalSection(SolutionConfigurationPlatforms) = preSolution
		Debug|Any CPU = Debug|Any CPU
		Release|Any CPU = Release|Any CPU
	EndGlobalSection
	GlobalSection(ProjectConfigurationPlatforms) = postSolution
		{3A7FCFE2-056A-4C67-B40B-46E08E91E744}.Debug|Any CPU.ActiveCfg = Debug|Any CPU
		{3A7FCFE2-056A-4C67-B40B-46E08E91E744}.Debug|Any CPU.Build.0 = Debug|Any CPU
		{3A7FCFE2-056A-4C67-B40B-46E08E91E744}.Release|Any CPU.ActiveCfg = Release|Any CPU
		{3A7FCFE2-056A-4C67-B40B-46E08E91E744}.Release|Any CPU.Build.0 = Release|Any CPU
	EndGlobalSection
	GlobalSection(SolutionProperties) = preSolution
		HideSolutionNode = FALSE
	EndGlobalSection
	GlobalSection(ExtensibilityGlobals) = postSolution
		SolutionGuid = {04ED27BB-A3CA-4ACB-A341-3C4B9D806290}
	EndGlobalSection
EndGlobal
